
Microsoft Visual Studio Solution File, Format Version 12.00
# Visual Studio 15
VisualStudioVersion = 15.0.27004.2009
MinimumVisualStudioVersion = 10.0.40219.1
Project("{2150E333-8FDC-42A3-9474-1A3956D46DE8}") = "Solution Items", "Solution Items", "{4E61A399-0BD1-4514-B350-9C3FCA29C549}"
	ProjectSection(SolutionItems) = preProject
		common.props = common.props
		ProjectAssemblyInfo.cs = ProjectAssemblyInfo.cs
		SolutionAssemblyInfo.cs = SolutionAssemblyInfo.cs
		SyncPrem.snk = SyncPrem.snk
	EndProjectSection
EndProject
Project("{2150E333-8FDC-42A3-9474-1A3956D46DE8}") = "lib", "lib", "{0BC93E24-3004-4C2D-9439-4272D42A31DD}"
EndProject
Project("{2150E333-8FDC-42A3-9474-1A3956D46DE8}") = "Projects", "Projects", "{EC3E451B-57DB-44FA-9BF7-17F86DB206EF}"
EndProject
Project("{9A19103F-16F7-4668-BE54-9A1E7A4F7556}") = "SyncPrem.Controller.Web", "SyncPrem.Controller.Web\SyncPrem.Controller.Web.csproj", "{57AACADC-C7E5-43B6-9F4C-51B6EF44EE2E}"
EndProject
Project("{9A19103F-16F7-4668-BE54-9A1E7A4F7556}") = "SyncPrem.Agent.Cli", "SyncPrem.Agent.Cli\SyncPrem.Agent.Cli.csproj", "{1E2D51E3-068D-494F-8412-641990E095DB}"
EndProject
Project("{9A19103F-16F7-4668-BE54-9A1E7A4F7556}") = "SyncPrem.StreamingIO.ProxyWrappers", "SyncPrem.StreamingIO.ProxyWrappers\SyncPrem.StreamingIO.ProxyWrappers.csproj", "{AB63620D-F709-4CF6-906C-62CF51231DE2}"
EndProject
Project("{9A19103F-16F7-4668-BE54-9A1E7A4F7556}") = "SyncPrem.StreamingIO.Primitives", "SyncPrem.StreamingIO.Primitives\SyncPrem.StreamingIO.Primitives.csproj", "{AB4FBB5E-C8BB-478C-9A33-DAFAFA7B665D}"
EndProject
Project("{9A19103F-16F7-4668-BE54-9A1E7A4F7556}") = "SyncPrem.StreamingIO.FlatText", "SyncPrem.StreamingIO.FlatText\SyncPrem.StreamingIO.FlatText.csproj", "{2A45F9A0-1C26-4AC1-9F61-8F533D0BBA51}"
EndProject
Project("{9A19103F-16F7-4668-BE54-9A1E7A4F7556}") = "SyncPrem.StreamingIO.AdoNet", "SyncPrem.StreamingIO.AdoNet\SyncPrem.StreamingIO.AdoNet.csproj", "{7A09C651-B7F0-4CBA-AEBB-D39EA860F612}"
EndProject
Project("{2150E333-8FDC-42A3-9474-1A3956D46DE8}") = "Infrastructure", "Infrastructure", "{F0631787-EED3-4C72-AF8F-D0CAA46C8320}"
EndProject
Project("{9A19103F-16F7-4668-BE54-9A1E7A4F7556}") = "SyncPrem.Infrastructure.Configuration", "SyncPrem.Infrastructure.Configuration\SyncPrem.Infrastructure.Configuration.csproj", "{AEC1781E-B111-4777-B998-664E2442AABF}"
EndProject
Project("{9A19103F-16F7-4668-BE54-9A1E7A4F7556}") = "TextMetal.Middleware.Solder.Primitives", "TextMetal.Middleware.Solder.Primitives\TextMetal.Middleware.Solder.Primitives.csproj", "{497BB416-1479-4296-BB47-9B0D4058B56E}"
EndProject
Project("{2150E333-8FDC-42A3-9474-1A3956D46DE8}") = "TextMetal", "TextMetal", "{39FBEDBB-A0F8-42B4-BE88-27A4CED06485}"
EndProject
Project("{9A19103F-16F7-4668-BE54-9A1E7A4F7556}") = "TextMetal.Middleware.Solder.Utilities", "TextMetal.Middleware.Solder.Utilities\TextMetal.Middleware.Solder.Utilities.csproj", "{629ED65B-5ECE-49C1-9141-4ED016B7F1FB}"
EndProject
Project("{9A19103F-16F7-4668-BE54-9A1E7A4F7556}") = "TextMetal.Middleware.Solder.Extensions", "TextMetal.Middleware.Solder.Extensions\TextMetal.Middleware.Solder.Extensions.csproj", "{6501D154-7195-4761-8717-91E2F860AB31}"
EndProject
Project("{9A19103F-16F7-4668-BE54-9A1E7A4F7556}") = "TextMetal.Middleware.Solder.Serialization", "TextMetal.Middleware.Solder.Serialization\TextMetal.Middleware.Solder.Serialization.csproj", "{087C08C9-A0A0-46D6-BCCF-37FB8B88B25D}"
EndProject
Project("{9A19103F-16F7-4668-BE54-9A1E7A4F7556}") = "TextMetal.Middleware.Solder.Interception", "TextMetal.Middleware.Solder.Interception\TextMetal.Middleware.Solder.Interception.csproj", "{28F6078F-F0B6-43CA-B349-95F793C98C0F}"
EndProject
Project("{9A19103F-16F7-4668-BE54-9A1E7A4F7556}") = "TextMetal.Middleware.Solder.Context", "TextMetal.Middleware.Solder.Context\TextMetal.Middleware.Solder.Context.csproj", "{F39F7A3C-1B8C-4658-A8EC-37ED28787FB4}"
EndProject
Project("{9A19103F-16F7-4668-BE54-9A1E7A4F7556}") = "TextMetal.Middleware.Solder.Injection", "TextMetal.Middleware.Solder.Injection\TextMetal.Middleware.Solder.Injection.csproj", "{BC4C4624-1165-4F07-9A71-967D1F92D114}"
EndProject
Project("{9A19103F-16F7-4668-BE54-9A1E7A4F7556}") = "TextMetal.Middleware.Solder.Executive", "TextMetal.Middleware.Solder.Executive\TextMetal.Middleware.Solder.Executive.csproj", "{2B6C6E43-1AA0-4565-9D60-6D3175090454}"
EndProject
Project("{9A19103F-16F7-4668-BE54-9A1E7A4F7556}") = "TextMetal.Imports.CastleCore", "TextMetal.Imports.CastleCore\TextMetal.Imports.CastleCore.csproj", "{BF6A6248-2372-4887-B293-F9AA8D5DC6BA}"
EndProject
Project("{2150E333-8FDC-42A3-9474-1A3956D46DE8}") = "Pipeline", "Pipeline", "{FF004EEC-192A-4CE7-8396-474FD611A4E4}"
EndProject
Project("{2150E333-8FDC-42A3-9474-1A3956D46DE8}") = "Imports", "Imports", "{7F779909-F00D-4291-863E-415974E3C242}"
EndProject
Project("{2150E333-8FDC-42A3-9474-1A3956D46DE8}") = "Solder", "Solder", "{666B66FB-E550-4251-B808-97091BE1E76C}"
EndProject
Project("{9A19103F-16F7-4668-BE54-9A1E7A4F7556}") = "TextMetal.Imports.NUnit", "TextMetal.Imports.NUnit\TextMetal.Imports.NUnit.csproj", "{7A78165B-B00E-43EB-9B5F-920A74916B0D}"
EndProject
Project("{9A19103F-16F7-4668-BE54-9A1E7A4F7556}") = "TextMetal.Imports.NMock", "TextMetal.Imports.NMock\TextMetal.Imports.NMock.csproj", "{8AA46A93-143A-41F9-979D-7404BB664400}"
EndProject
Project("{2150E333-8FDC-42A3-9474-1A3956D46DE8}") = "Tests", "Tests", "{4FC87165-C945-4446-B7BB-02DD9C855B31}"
EndProject
Project("{9A19103F-16F7-4668-BE54-9A1E7A4F7556}") = "TextMetal.Middleware.IntegrationTests", "TextMetal.Middleware.IntegrationTests\TextMetal.Middleware.IntegrationTests.csproj", "{B815ECB4-2054-4B78-9209-AAACE1C26693}"
EndProject
Project("{9A19103F-16F7-4668-BE54-9A1E7A4F7556}") = "TextMetal.Middleware.UnitTests", "TextMetal.Middleware.UnitTests\TextMetal.Middleware.UnitTests.csproj", "{C02A860A-AC9A-4294-A1A6-67CDCB5B1E15}"
EndProject
Project("{9A19103F-16F7-4668-BE54-9A1E7A4F7556}") = "SyncPrem.Pipeline.Abstractions", "SyncPrem.Pipeline.Abstractions\SyncPrem.Pipeline.Abstractions.csproj", "{C8AFD743-BAA3-473F-97C9-25488185D4B2}"
EndProject
Project("{9A19103F-16F7-4668-BE54-9A1E7A4F7556}") = "SyncPrem.Pipeline.Core", "SyncPrem.Pipeline.Core\SyncPrem.Pipeline.Core.csproj", "{9580DFBE-1ECD-4EFE-A066-45F00C7526E7}"
EndProject
Project("{9A19103F-16F7-4668-BE54-9A1E7A4F7556}") = "SyncPrem.Pipeline.Host.Cli", "SyncPrem.Pipeline.Host.Cli\SyncPrem.Pipeline.Host.Cli.csproj", "{396E7B23-CE3C-41C2-9D5A-FBEADB162542}"
EndProject
Project("{9A19103F-16F7-4668-BE54-9A1E7A4F7556}") = "SyncPrem.StreamingIO.DataMasking", "SyncPrem.StreamingIO.DataMasking\SyncPrem.StreamingIO.DataMasking.csproj", "{6B47E4D9-A5B5-420D-A168-26CA70A50763}"
EndProject
Global
	GlobalSection(SolutionConfigurationPlatforms) = preSolution
		Debug|Any CPU = Debug|Any CPU
		Release|Any CPU = Release|Any CPU
	EndGlobalSection
	GlobalSection(ProjectConfigurationPlatforms) = postSolution
		{57AACADC-C7E5-43B6-9F4C-51B6EF44EE2E}.Debug|Any CPU.ActiveCfg = Debug|Any CPU
		{57AACADC-C7E5-43B6-9F4C-51B6EF44EE2E}.Debug|Any CPU.Build.0 = Debug|Any CPU
		{57AACADC-C7E5-43B6-9F4C-51B6EF44EE2E}.Release|Any CPU.ActiveCfg = Release|Any CPU
		{57AACADC-C7E5-43B6-9F4C-51B6EF44EE2E}.Release|Any CPU.Build.0 = Release|Any CPU
		{1E2D51E3-068D-494F-8412-641990E095DB}.Debug|Any CPU.ActiveCfg = Debug|Any CPU
		{1E2D51E3-068D-494F-8412-641990E095DB}.Debug|Any CPU.Build.0 = Debug|Any CPU
		{1E2D51E3-068D-494F-8412-641990E095DB}.Release|Any CPU.ActiveCfg = Release|Any CPU
		{1E2D51E3-068D-494F-8412-641990E095DB}.Release|Any CPU.Build.0 = Release|Any CPU
		{AB63620D-F709-4CF6-906C-62CF51231DE2}.Debug|Any CPU.ActiveCfg = Debug|Any CPU
		{AB63620D-F709-4CF6-906C-62CF51231DE2}.Debug|Any CPU.Build.0 = Debug|Any CPU
		{AB63620D-F709-4CF6-906C-62CF51231DE2}.Release|Any CPU.ActiveCfg = Release|Any CPU
		{AB63620D-F709-4CF6-906C-62CF51231DE2}.Release|Any CPU.Build.0 = Release|Any CPU
		{AB4FBB5E-C8BB-478C-9A33-DAFAFA7B665D}.Debug|Any CPU.ActiveCfg = Debug|Any CPU
		{AB4FBB5E-C8BB-478C-9A33-DAFAFA7B665D}.Debug|Any CPU.Build.0 = Debug|Any CPU
		{AB4FBB5E-C8BB-478C-9A33-DAFAFA7B665D}.Release|Any CPU.ActiveCfg = Release|Any CPU
		{AB4FBB5E-C8BB-478C-9A33-DAFAFA7B665D}.Release|Any CPU.Build.0 = Release|Any CPU
		{2A45F9A0-1C26-4AC1-9F61-8F533D0BBA51}.Debug|Any CPU.ActiveCfg = Debug|Any CPU
		{2A45F9A0-1C26-4AC1-9F61-8F533D0BBA51}.Debug|Any CPU.Build.0 = Debug|Any CPU
		{2A45F9A0-1C26-4AC1-9F61-8F533D0BBA51}.Release|Any CPU.ActiveCfg = Release|Any CPU
		{2A45F9A0-1C26-4AC1-9F61-8F533D0BBA51}.Release|Any CPU.Build.0 = Release|Any CPU
		{7A09C651-B7F0-4CBA-AEBB-D39EA860F612}.Debug|Any CPU.ActiveCfg = Debug|Any CPU
		{7A09C651-B7F0-4CBA-AEBB-D39EA860F612}.Debug|Any CPU.Build.0 = Debug|Any CPU
		{7A09C651-B7F0-4CBA-AEBB-D39EA860F612}.Release|Any CPU.ActiveCfg = Release|Any CPU
		{7A09C651-B7F0-4CBA-AEBB-D39EA860F612}.Release|Any CPU.Build.0 = Release|Any CPU
		{AEC1781E-B111-4777-B998-664E2442AABF}.Debug|Any CPU.ActiveCfg = Debug|Any CPU
		{AEC1781E-B111-4777-B998-664E2442AABF}.Debug|Any CPU.Build.0 = Debug|Any CPU
		{AEC1781E-B111-4777-B998-664E2442AABF}.Release|Any CPU.ActiveCfg = Release|Any CPU
		{AEC1781E-B111-4777-B998-664E2442AABF}.Release|Any CPU.Build.0 = Release|Any CPU
		{497BB416-1479-4296-BB47-9B0D4058B56E}.Debug|Any CPU.ActiveCfg = Debug|Any CPU
		{497BB416-1479-4296-BB47-9B0D4058B56E}.Debug|Any CPU.Build.0 = Debug|Any CPU
		{497BB416-1479-4296-BB47-9B0D4058B56E}.Release|Any CPU.ActiveCfg = Release|Any CPU
		{497BB416-1479-4296-BB47-9B0D4058B56E}.Release|Any CPU.Build.0 = Release|Any CPU
		{629ED65B-5ECE-49C1-9141-4ED016B7F1FB}.Debug|Any CPU.ActiveCfg = Debug|Any CPU
		{629ED65B-5ECE-49C1-9141-4ED016B7F1FB}.Debug|Any CPU.Build.0 = Debug|Any CPU
		{629ED65B-5ECE-49C1-9141-4ED016B7F1FB}.Release|Any CPU.ActiveCfg = Release|Any CPU
		{629ED65B-5ECE-49C1-9141-4ED016B7F1FB}.Release|Any CPU.Build.0 = Release|Any CPU
		{6501D154-7195-4761-8717-91E2F860AB31}.Debug|Any CPU.ActiveCfg = Debug|Any CPU
		{6501D154-7195-4761-8717-91E2F860AB31}.Debug|Any CPU.Build.0 = Debug|Any CPU
		{6501D154-7195-4761-8717-91E2F860AB31}.Release|Any CPU.ActiveCfg = Release|Any CPU
		{6501D154-7195-4761-8717-91E2F860AB31}.Release|Any CPU.Build.0 = Release|Any CPU
		{087C08C9-A0A0-46D6-BCCF-37FB8B88B25D}.Debug|Any CPU.ActiveCfg = Debug|Any CPU
		{087C08C9-A0A0-46D6-BCCF-37FB8B88B25D}.Debug|Any CPU.Build.0 = Debug|Any CPU
		{087C08C9-A0A0-46D6-BCCF-37FB8B88B25D}.Release|Any CPU.ActiveCfg = Release|Any CPU
		{087C08C9-A0A0-46D6-BCCF-37FB8B88B25D}.Release|Any CPU.Build.0 = Release|Any CPU
		{28F6078F-F0B6-43CA-B349-95F793C98C0F}.Debug|Any CPU.ActiveCfg = Debug|Any CPU
		{28F6078F-F0B6-43CA-B349-95F793C98C0F}.Debug|Any CPU.Build.0 = Debug|Any CPU
		{28F6078F-F0B6-43CA-B349-95F793C98C0F}.Release|Any CPU.ActiveCfg = Release|Any CPU
		{28F6078F-F0B6-43CA-B349-95F793C98C0F}.Release|Any CPU.Build.0 = Release|Any CPU
		{F39F7A3C-1B8C-4658-A8EC-37ED28787FB4}.Debug|Any CPU.ActiveCfg = Debug|Any CPU
		{F39F7A3C-1B8C-4658-A8EC-37ED28787FB4}.Debug|Any CPU.Build.0 = Debug|Any CPU
		{F39F7A3C-1B8C-4658-A8EC-37ED28787FB4}.Release|Any CPU.ActiveCfg = Release|Any CPU
		{F39F7A3C-1B8C-4658-A8EC-37ED28787FB4}.Release|Any CPU.Build.0 = Release|Any CPU
		{BC4C4624-1165-4F07-9A71-967D1F92D114}.Debug|Any CPU.ActiveCfg = Debug|Any CPU
		{BC4C4624-1165-4F07-9A71-967D1F92D114}.Debug|Any CPU.Build.0 = Debug|Any CPU
		{BC4C4624-1165-4F07-9A71-967D1F92D114}.Release|Any CPU.ActiveCfg = Release|Any CPU
		{BC4C4624-1165-4F07-9A71-967D1F92D114}.Release|Any CPU.Build.0 = Release|Any CPU
		{2B6C6E43-1AA0-4565-9D60-6D3175090454}.Debug|Any CPU.ActiveCfg = Debug|Any CPU
		{2B6C6E43-1AA0-4565-9D60-6D3175090454}.Debug|Any CPU.Build.0 = Debug|Any CPU
		{2B6C6E43-1AA0-4565-9D60-6D3175090454}.Release|Any CPU.ActiveCfg = Release|Any CPU
		{2B6C6E43-1AA0-4565-9D60-6D3175090454}.Release|Any CPU.Build.0 = Release|Any CPU
		{BF6A6248-2372-4887-B293-F9AA8D5DC6BA}.Debug|Any CPU.ActiveCfg = Debug|Any CPU
		{BF6A6248-2372-4887-B293-F9AA8D5DC6BA}.Debug|Any CPU.Build.0 = Debug|Any CPU
		{BF6A6248-2372-4887-B293-F9AA8D5DC6BA}.Release|Any CPU.ActiveCfg = Release|Any CPU
		{BF6A6248-2372-4887-B293-F9AA8D5DC6BA}.Release|Any CPU.Build.0 = Release|Any CPU
		{7A78165B-B00E-43EB-9B5F-920A74916B0D}.Debug|Any CPU.ActiveCfg = Debug|Any CPU
		{7A78165B-B00E-43EB-9B5F-920A74916B0D}.Debug|Any CPU.Build.0 = Debug|Any CPU
		{7A78165B-B00E-43EB-9B5F-920A74916B0D}.Release|Any CPU.ActiveCfg = Release|Any CPU
		{7A78165B-B00E-43EB-9B5F-920A74916B0D}.Release|Any CPU.Build.0 = Release|Any CPU
		{8AA46A93-143A-41F9-979D-7404BB664400}.Debug|Any CPU.ActiveCfg = Debug|Any CPU
		{8AA46A93-143A-41F9-979D-7404BB664400}.Debug|Any CPU.Build.0 = Debug|Any CPU
		{8AA46A93-143A-41F9-979D-7404BB664400}.Release|Any CPU.ActiveCfg = Release|Any CPU
		{8AA46A93-143A-41F9-979D-7404BB664400}.Release|Any CPU.Build.0 = Release|Any CPU
		{B815ECB4-2054-4B78-9209-AAACE1C26693}.Debug|Any CPU.ActiveCfg = Debug|Any CPU
		{B815ECB4-2054-4B78-9209-AAACE1C26693}.Debug|Any CPU.Build.0 = Debug|Any CPU
		{B815ECB4-2054-4B78-9209-AAACE1C26693}.Release|Any CPU.ActiveCfg = Release|Any CPU
		{B815ECB4-2054-4B78-9209-AAACE1C26693}.Release|Any CPU.Build.0 = Release|Any CPU
		{C02A860A-AC9A-4294-A1A6-67CDCB5B1E15}.Debug|Any CPU.ActiveCfg = Debug|Any CPU
		{C02A860A-AC9A-4294-A1A6-67CDCB5B1E15}.Debug|Any CPU.Build.0 = Debug|Any CPU
		{C02A860A-AC9A-4294-A1A6-67CDCB5B1E15}.Release|Any CPU.ActiveCfg = Release|Any CPU
		{C02A860A-AC9A-4294-A1A6-67CDCB5B1E15}.Release|Any CPU.Build.0 = Release|Any CPU
		{C8AFD743-BAA3-473F-97C9-25488185D4B2}.Debug|Any CPU.ActiveCfg = Debug|Any CPU
		{C8AFD743-BAA3-473F-97C9-25488185D4B2}.Debug|Any CPU.Build.0 = Debug|Any CPU
		{C8AFD743-BAA3-473F-97C9-25488185D4B2}.Release|Any CPU.ActiveCfg = Release|Any CPU
		{C8AFD743-BAA3-473F-97C9-25488185D4B2}.Release|Any CPU.Build.0 = Release|Any CPU
		{9580DFBE-1ECD-4EFE-A066-45F00C7526E7}.Debug|Any CPU.ActiveCfg = Debug|Any CPU
		{9580DFBE-1ECD-4EFE-A066-45F00C7526E7}.Debug|Any CPU.Build.0 = Debug|Any CPU
		{9580DFBE-1ECD-4EFE-A066-45F00C7526E7}.Release|Any CPU.ActiveCfg = Release|Any CPU
		{9580DFBE-1ECD-4EFE-A066-45F00C7526E7}.Release|Any CPU.Build.0 = Release|Any CPU
		{396E7B23-CE3C-41C2-9D5A-FBEADB162542}.Debug|Any CPU.ActiveCfg = Debug|Any CPU
		{396E7B23-CE3C-41C2-9D5A-FBEADB162542}.Debug|Any CPU.Build.0 = Debug|Any CPU
		{396E7B23-CE3C-41C2-9D5A-FBEADB162542}.Release|Any CPU.ActiveCfg = Release|Any CPU
		{396E7B23-CE3C-41C2-9D5A-FBEADB162542}.Release|Any CPU.Build.0 = Release|Any CPU
		{6B47E4D9-A5B5-420D-A168-26CA70A50763}.Debug|Any CPU.ActiveCfg = Debug|Any CPU
		{6B47E4D9-A5B5-420D-A168-26CA70A50763}.Debug|Any CPU.Build.0 = Debug|Any CPU
		{6B47E4D9-A5B5-420D-A168-26CA70A50763}.Release|Any CPU.ActiveCfg = Release|Any CPU
		{6B47E4D9-A5B5-420D-A168-26CA70A50763}.Release|Any CPU.Build.0 = Release|Any CPU
	EndGlobalSection
	GlobalSection(SolutionProperties) = preSolution
		HideSolutionNode = FALSE
	EndGlobalSection
	GlobalSection(NestedProjects) = preSolution
		{0BC93E24-3004-4C2D-9439-4272D42A31DD} = {EC3E451B-57DB-44FA-9BF7-17F86DB206EF}
		{57AACADC-C7E5-43B6-9F4C-51B6EF44EE2E} = {EC3E451B-57DB-44FA-9BF7-17F86DB206EF}
		{1E2D51E3-068D-494F-8412-641990E095DB} = {EC3E451B-57DB-44FA-9BF7-17F86DB206EF}
		{AB63620D-F709-4CF6-906C-62CF51231DE2} = {F0631787-EED3-4C72-AF8F-D0CAA46C8320}
		{AB4FBB5E-C8BB-478C-9A33-DAFAFA7B665D} = {F0631787-EED3-4C72-AF8F-D0CAA46C8320}
		{2A45F9A0-1C26-4AC1-9F61-8F533D0BBA51} = {F0631787-EED3-4C72-AF8F-D0CAA46C8320}
		{7A09C651-B7F0-4CBA-AEBB-D39EA860F612} = {F0631787-EED3-4C72-AF8F-D0CAA46C8320}
		{F0631787-EED3-4C72-AF8F-D0CAA46C8320} = {0BC93E24-3004-4C2D-9439-4272D42A31DD}
		{AEC1781E-B111-4777-B998-664E2442AABF} = {F0631787-EED3-4C72-AF8F-D0CAA46C8320}
		{497BB416-1479-4296-BB47-9B0D4058B56E} = {666B66FB-E550-4251-B808-97091BE1E76C}
		{39FBEDBB-A0F8-42B4-BE88-27A4CED06485} = {0BC93E24-3004-4C2D-9439-4272D42A31DD}
		{629ED65B-5ECE-49C1-9141-4ED016B7F1FB} = {666B66FB-E550-4251-B808-97091BE1E76C}
		{6501D154-7195-4761-8717-91E2F860AB31} = {666B66FB-E550-4251-B808-97091BE1E76C}
		{087C08C9-A0A0-46D6-BCCF-37FB8B88B25D} = {666B66FB-E550-4251-B808-97091BE1E76C}
		{28F6078F-F0B6-43CA-B349-95F793C98C0F} = {666B66FB-E550-4251-B808-97091BE1E76C}
		{F39F7A3C-1B8C-4658-A8EC-37ED28787FB4} = {666B66FB-E550-4251-B808-97091BE1E76C}
		{BC4C4624-1165-4F07-9A71-967D1F92D114} = {666B66FB-E550-4251-B808-97091BE1E76C}
		{2B6C6E43-1AA0-4565-9D60-6D3175090454} = {666B66FB-E550-4251-B808-97091BE1E76C}
		{BF6A6248-2372-4887-B293-F9AA8D5DC6BA} = {7F779909-F00D-4291-863E-415974E3C242}
		{FF004EEC-192A-4CE7-8396-474FD611A4E4} = {0BC93E24-3004-4C2D-9439-4272D42A31DD}
		{7F779909-F00D-4291-863E-415974E3C242} = {39FBEDBB-A0F8-42B4-BE88-27A4CED06485}
		{666B66FB-E550-4251-B808-97091BE1E76C} = {39FBEDBB-A0F8-42B4-BE88-27A4CED06485}
		{7A78165B-B00E-43EB-9B5F-920A74916B0D} = {7F779909-F00D-4291-863E-415974E3C242}
		{8AA46A93-143A-41F9-979D-7404BB664400} = {7F779909-F00D-4291-863E-415974E3C242}
		{4FC87165-C945-4446-B7BB-02DD9C855B31} = {39FBEDBB-A0F8-42B4-BE88-27A4CED06485}
		{B815ECB4-2054-4B78-9209-AAACE1C26693} = {4FC87165-C945-4446-B7BB-02DD9C855B31}
		{C02A860A-AC9A-4294-A1A6-67CDCB5B1E15} = {4FC87165-C945-4446-B7BB-02DD9C855B31}
		{C8AFD743-BAA3-473F-97C9-25488185D4B2} = {FF004EEC-192A-4CE7-8396-474FD611A4E4}
		{9580DFBE-1ECD-4EFE-A066-45F00C7526E7} = {FF004EEC-192A-4CE7-8396-474FD611A4E4}
		{396E7B23-CE3C-41C2-9D5A-FBEADB162542} = {FF004EEC-192A-4CE7-8396-474FD611A4E4}
		{6B47E4D9-A5B5-420D-A168-26CA70A50763} = {F0631787-EED3-4C72-AF8F-D0CAA46C8320}
	EndGlobalSection
	GlobalSection(ExtensibilityGlobals) = postSolution
		SolutionGuid = {5FBDF197-E5D9-48E7-9E98-6638DAA390B8}
	EndGlobalSection
EndGlobal
